{
  "name": "ambigous-key-mf-repro",
  "version": "1.0.0",
  "lockfileVersion": 2,
  "requires": true,
  "packages": {
    "": {
      "version": "1.0.0",
      "license": "ISC",
      "dependencies": {
        "@messageformat/core": "^3.0.1"
      }
    },
    "node_modules/@messageformat/core": {
      "version": "3.0.1",
      "resolved": "https://registry.npmjs.org/@messageformat/core/-/core-3.0.1.tgz",
      "integrity": "sha512-yxj2+0e46hcZqJfNf0ZYbC2q6WlcGoh4g11mCyRtTueR0AD8F9z4JMYAS1aOiFG8Vl1LZg/h5hZHKmWTAyZq8g==",
      "dependencies": {
        "@messageformat/date-skeleton": "^1.0.0",
        "@messageformat/number-skeleton": "^1.0.0",
        "@messageformat/parser": "^5.0.0",
        "@messageformat/runtime": "^3.0.1",
        "make-plural": "^7.0.0",
        "safe-identifier": "^0.4.1"
      }
    },
    "node_modules/@messageformat/date-skeleton": {
      "version": "1.0.0",
      "resolved": "https://registry.npmjs.org/@messageformat/date-skeleton/-/date-skeleton-1.0.0.tgz",
      "integrity": "sha512-vvj5Sd3VyXUHGbYpiFsPsSQ8pkdUM9vrR/NUbyP6ga3UqJH4p9eCwzfwaCAZatZMYMTyiKG/8QbUyGKHeTZ5kw=="
    },
    "node_modules/@messageformat/number-skeleton": {
      "version": "1.0.0",
      "resolved": "https://registry.npmjs.org/@messageformat/number-skeleton/-/number-skeleton-1.0.0.tgz",
      "integrity": "sha512-Pe1HX/VG0q7tclM/ri85I4FKYd7Uc3gluSZbRaK1+jcXdT9Biw2hLAKyMsiz2tM6zLiK1xX+K0NMDO4RIstQig=="
    },
    "node_modules/@messageformat/parser": {
      "version": "5.0.0",
      "resolved": "https://registry.npmjs.org/@messageformat/parser/-/parser-5.0.0.tgz",
      "integrity": "sha512-WiDKhi8F0zQaFU8cXgqq69eYFarCnTVxKcvhAONufKf0oUxbqLMW6JX6rV4Hqh+BEQWGyKKKHY4g1XA6bCLylA==",
      "dependencies": {
        "moo": "^0.5.1"
      }
    },
    "node_modules/@messageformat/runtime": {
      "version": "3.0.1",
      "resolved": "https://registry.npmjs.org/@messageformat/runtime/-/runtime-3.0.1.tgz",
      "integrity": "sha512-6RU5ol2lDtO8bD9Yxe6CZkl0DArdv0qkuoZC+ZwowU+cdRlVE1157wjCmlA5Rsf1Xc/brACnsZa5PZpEDfTFFg==",
      "dependencies": {
        "make-plural": "^7.0.0"
      }
    },
    "node_modules/make-plural": {
      "version": "7.1.0",
      "resolved": "https://registry.npmjs.org/make-plural/-/make-plural-7.1.0.tgz",
      "integrity": "sha512-PKkwVlAxYVo98NrbclaQIT4F5Oy+X58PZM5r2IwUSCe3syya6PXkIRCn2XCdz7p58Scgpp50PBeHmepXVDG3hg=="
    },
    "node_modules/moo": {
      "version": "0.5.1",
      "resolved": "https://registry.npmjs.org/moo/-/moo-0.5.1.tgz",
      "integrity": "sha512-I1mnb5xn4fO80BH9BLcF0yLypy2UKl+Cb01Fu0hJRkJjlCRtxZMWkTdAtDd5ZqCOxtCkhmRwyI57vWT+1iZ67w=="
    },
    "node_modules/safe-identifier": {
      "version": "0.4.2",
      "resolved": "https://registry.npmjs.org/safe-identifier/-/safe-identifier-0.4.2.tgz",
      "integrity": "sha512-6pNbSMW6OhAi9j+N8V+U715yBQsaWJ7eyEUaOrawX+isg5ZxhUlV1NipNtgaKHmFGiABwt+ZF04Ii+3Xjkg+8w=="
    }
  },
  "dependencies": {
    "@messageformat/core": {
      "version": "3.0.1",
      "resolved": "https://registry.npmjs.org/@messageformat/core/-/core-3.0.1.tgz",
      "integrity": "sha512-yxj2+0e46hcZqJfNf0ZYbC2q6WlcGoh4g11mCyRtTueR0AD8F9z4JMYAS1aOiFG8Vl1LZg/h5hZHKmWTAyZq8g==",
      "requires": {
        "@messageformat/date-skeleton": "^1.0.0",
        "@messageformat/number-skeleton": "^1.0.0",
        "@messageformat/parser": "^5.0.0",
        "@messageformat/runtime": "^3.0.1",
        "make-plural": "^7.0.0",
        "safe-identifier": "^0.4.1"
      }
    },
    "@messageformat/date-skeleton": {
      "version": "1.0.0",
      "resolved": "https://registry.npmjs.org/@messageformat/date-skeleton/-/date-skeleton-1.0.0.tgz",
      "integrity": "sha512-vvj5Sd3VyXUHGbYpiFsPsSQ8pkdUM9vrR/NUbyP6ga3UqJH4p9eCwzfwaCAZatZMYMTyiKG/8QbUyGKHeTZ5kw=="
    },
    "@messageformat/number-skeleton": {
      "version": "1.0.0",
      "resolved": "https://registry.npmjs.org/@messageformat/number-skeleton/-/number-skeleton-1.0.0.tgz",
      "integrity": "sha512-Pe1HX/VG0q7tclM/ri85I4FKYd7Uc3gluSZbRaK1+jcXdT9Biw2hLAKyMsiz2tM6zLiK1xX+K0NMDO4RIstQig=="
    },
    "@messageformat/parser": {
      "version": "5.0.0",
      "resolved": "https://registry.npmjs.org/@messageformat/parser/-/parser-5.0.0.tgz",
      "integrity": "sha512-WiDKhi8F0zQaFU8cXgqq69eYFarCnTVxKcvhAONufKf0oUxbqLMW6JX6rV4Hqh+BEQWGyKKKHY4g1XA6bCLylA==",
      "requires": {
        "moo": "^0.5.1"
      }
    },
    "@messageformat/runtime": {
      "version": "3.0.1",
      "resolved": "https://registry.npmjs.org/@messageformat/runtime/-/runtime-3.0.1.tgz",
      "integrity": "sha512-6RU5ol2lDtO8bD9Yxe6CZkl0DArdv0qkuoZC+ZwowU+cdRlVE1157wjCmlA5Rsf1Xc/brACnsZa5PZpEDfTFFg==",
      "requires": {
        "make-plural": "^7.0.0"
      }
    },
    "make-plural": {
      "version": "7.1.0",
      "resolved": "https://registry.npmjs.org/make-plural/-/make-plural-7.1.0.tgz",
      "integrity": "sha512-PKkwVlAxYVo98NrbclaQIT4F5Oy+X58PZM5r2IwUSCe3syya6PXkIRCn2XCdz7p58Scgpp50PBeHmepXVDG3hg=="
    },
    "moo": {
      "version": "0.5.1",
      "resolved": "https://registry.npmjs.org/moo/-/moo-0.5.1.tgz",
      "integrity": "sha512-I1mnb5xn4fO80BH9BLcF0yLypy2UKl+Cb01Fu0hJRkJjlCRtxZMWkTdAtDd5ZqCOxtCkhmRwyI57vWT+1iZ67w=="
    },
    "safe-identifier": {
      "version": "0.4.2",
      "resolved": "https://registry.npmjs.org/safe-identifier/-/safe-identifier-0.4.2.tgz",
      "integrity": "sha512-6pNbSMW6OhAi9j+N8V+U715yBQsaWJ7eyEUaOrawX+isg5ZxhUlV1NipNtgaKHmFGiABwt+ZF04Ii+3Xjkg+8w=="
    }
  }
}
